
Microsoft Visual Studio Solution File, Format Version 12.00
# Visual Studio Version 16
VisualStudioVersion = 16.0.31911.196
MinimumVisualStudioVersion = 10.0.40219.1
Project("{FAE04EC0-301F-11D3-BF4B-00C04F79EFBC}") = "WPF Training Project", "WPF Training Project\WPF Training Project.csproj", "{D7391D65-6EB3-46AB-B900-FEE290B6592A}"
EndProject
Global
	GlobalSection(SolutionConfigurationPlatforms) = preSolution
		Debug|Any CPU = Debug|Any CPU
		Release|Any CPU = Release|Any CPU
	EndGlobalSection
	GlobalSection(ProjectConfigurationPlatforms) = postSolution
		{D7391D65-6EB3-46AB-B900-FEE290B6592A}.Debug|Any CPU.ActiveCfg = Debug|Any CPU
		{D7391D65-6EB3-46AB-B900-FEE290B6592A}.Debug|Any CPU.Build.0 = Debug|Any CPU
		{D7391D65-6EB3-46AB-B900-FEE290B6592A}.Release|Any CPU.ActiveCfg = Release|Any CPU
		{D7391D65-6EB3-46AB-B900-FEE290B6592A}.Release|Any CPU.Build.0 = Release|Any CPU
	EndGlobalSection
	GlobalSection(SolutionProperties) = preSolution
		HideSolutionNode = FALSE
	EndGlobalSection
	GlobalSection(ExtensibilityGlobals) = postSolution
		SolutionGuid = {1F034CD8-4CDE-4B41-94BD-65781A082854}
	EndGlobalSection
EndGlobal
